// !$*UTF8*$!
{
	archiveVersion = 1;
	classes = {
	};
	objectVersion = 48;
	objects = {

/* Begin PBXBuildFile section */
		9B6C2724200D2EAC00308F99 /* AppDelegate.swift in Sources */ = {isa = PBXBuildFile; fileRef = 9B6C2723200D2EAC00308F99 /* AppDelegate.swift */; };
		9B6C2729200D2EAC00308F99 /* Main.storyboard in Resources */ = {isa = PBXBuildFile; fileRef = 9B6C2727200D2EAC00308F99 /* Main.storyboard */; };
		9B6C272B200D2EAC00308F99 /* Assets.xcassets in Resources */ = {isa = PBXBuildFile; fileRef = 9B6C272A200D2EAC00308F99 /* Assets.xcassets */; };
		9B6C272E200D2EAC00308F99 /* LaunchScreen.storyboard in Resources */ = {isa = PBXBuildFile; fileRef = 9B6C272C200D2EAC00308F99 /* LaunchScreen.storyboard */; };
		9B6C2739200D2EAC00308F99 /* KisanHubAssignmentTests.swift in Sources */ = {isa = PBXBuildFile; fileRef = 9B6C2738200D2EAC00308F99 /* KisanHubAssignmentTests.swift */; };
		9B6C2747200D2F1F00308F99 /* MainTableViewController.swift in Sources */ = {isa = PBXBuildFile; fileRef = 9B6C2746200D2F1F00308F99 /* MainTableViewController.swift */; };
		9B6C2749200D2F5900308F99 /* WeatherRecord.swift in Sources */ = {isa = PBXBuildFile; fileRef = 9B6C2748200D2F5900308F99 /* WeatherRecord.swift */; };
		9B6C274B200D2F7200308F99 /* WaetherDataManager.swift in Sources */ = {isa = PBXBuildFile; fileRef = 9B6C274A200D2F7200308F99 /* WaetherDataManager.swift */; };
		9B6C274F200D4F6000308F99 /* UK.txt in Resources */ = {isa = PBXBuildFile; fileRef = 9B6C274C200D4E3200308F99 /* UK.txt */; };
/* End PBXBuildFile section */

/* Begin PBXContainerItemProxy section */
		9B6C2735200D2EAC00308F99 /* PBXContainerItemProxy */ = {
			isa = PBXContainerItemProxy;
			containerPortal = 9B6C2718200D2EAC00308F99 /* Project object */;
			proxyType = 1;
			remoteGlobalIDString = 9B6C271F200D2EAC00308F99;
			remoteInfo = KisanHubAssignment;
		};
/* End PBXContainerItemProxy section */

/* Begin PBXFileReference section */
		9B6C2720200D2EAC00308F99 /* KisanHubAssignment.app */ = {isa = PBXFileReference; explicitFileType = wrapper.application; includeInIndex = 0; path = KisanHubAssignment.app; sourceTree = BUILT_PRODUCTS_DIR; };
		9B6C2723200D2EAC00308F99 /* AppDelegate.swift */ = {isa = PBXFileReference; lastKnownFileType = sourcecode.swift; path = AppDelegate.swift; sourceTree = "<group>"; };
		9B6C2728200D2EAC00308F99 /* Base */ = {isa = PBXFileReference; lastKnownFileType = file.storyboard; name = Base; path = Base.lproj/Main.storyboard; sourceTree = "<group>"; };
		9B6C272A200D2EAC00308F99 /* Assets.xcassets */ = {isa = PBXFileReference; lastKnownFileType = folder.assetcatalog; path = Assets.xcassets; sourceTree = "<group>"; };
		9B6C272D200D2EAC00308F99 /* Base */ = {isa = PBXFileReference; lastKnownFileType = file.storyboard; name = Base; path = Base.lproj/LaunchScreen.storyboard; sourceTree = "<group>"; };
		9B6C272F200D2EAC00308F99 /* Info.plist */ = {isa = PBXFileReference; lastKnownFileType = text.plist.xml; path = Info.plist; sourceTree = "<group>"; };
		9B6C2734200D2EAC00308F99 /* KisanHubAssignmentTests.xctest */ = {isa = PBXFileReference; explicitFileType = wrapper.cfbundle; includeInIndex = 0; path = KisanHubAssignmentTests.xctest; sourceTree = BUILT_PRODUCTS_DIR; };
		9B6C2738200D2EAC00308F99 /* KisanHubAssignmentTests.swift */ = {isa = PBXFileReference; lastKnownFileType = sourcecode.swift; path = KisanHubAssignmentTests.swift; sourceTree = "<group>"; };
		9B6C273A200D2EAC00308F99 /* Info.plist */ = {isa = PBXFileReference; lastKnownFileType = text.plist.xml; path = Info.plist; sourceTree = "<group>"; };
		9B6C2746200D2F1F00308F99 /* MainTableViewController.swift */ = {isa = PBXFileReference; lastKnownFileType = sourcecode.swift; path = MainTableViewController.swift; sourceTree = "<group>"; };
		9B6C2748200D2F5900308F99 /* WeatherRecord.swift */ = {isa = PBXFileReference; lastKnownFileType = sourcecode.swift; path = WeatherRecord.swift; sourceTree = "<group>"; };
		9B6C274A200D2F7200308F99 /* WaetherDataManager.swift */ = {isa = PBXFileReference; lastKnownFileType = sourcecode.swift; path = WaetherDataManager.swift; sourceTree = "<group>"; };
		9B6C274C200D4E3200308F99 /* UK.txt */ = {isa = PBXFileReference; fileEncoding = 4; lastKnownFileType = text; path = UK.txt; sourceTree = "<group>"; };
/* End PBXFileReference section */

/* Begin PBXFrameworksBuildPhase section */
		9B6C271D200D2EAC00308F99 /* Frameworks */ = {
			isa = PBXFrameworksBuildPhase;
			buildActionMask = 2147483647;
			files = (
			);
			runOnlyForDeploymentPostprocessing = 0;
		};
		9B6C2731200D2EAC00308F99 /* Frameworks */ = {
			isa = PBXFrameworksBuildPhase;
			buildActionMask = 2147483647;
			files = (
			);
			runOnlyForDeploymentPostprocessing = 0;
		};
/* End PBXFrameworksBuildPhase section */

/* Begin PBXGroup section */
		9B6C2717200D2EAC00308F99 = {
			isa = PBXGroup;
			children = (
				9B6C2722200D2EAC00308F99 /* KisanHubAssignment */,
				9B6C2737200D2EAC00308F99 /* KisanHubAssignmentTests */,
				9B6C2721200D2EAC00308F99 /* Products */,
			);
			sourceTree = "<group>";
		};
		9B6C2721200D2EAC00308F99 /* Products */ = {
			isa = PBXGroup;
			children = (
				9B6C2720200D2EAC00308F99 /* KisanHubAssignment.app */,
				9B6C2734200D2EAC00308F99 /* KisanHubAssignmentTests.xctest */,
			);
			name = Products;
			sourceTree = "<group>";
		};
		9B6C2722200D2EAC00308F99 /* KisanHubAssignment */ = {
			isa = PBXGroup;
			children = (
				9B6C2745200D2EFF00308F99 /* Controller */,
				9B6C2744200D2EFF00308F99 /* Model */,
				9B6C2743200D2EFF00308F99 /* View */,
				9B6C2723200D2EAC00308F99 /* AppDelegate.swift */,
				9B6C2727200D2EAC00308F99 /* Main.storyboard */,
				9B6C272A200D2EAC00308F99 /* Assets.xcassets */,
				9B6C272C200D2EAC00308F99 /* LaunchScreen.storyboard */,
				9B6C272F200D2EAC00308F99 /* Info.plist */,
			);
			path = KisanHubAssignment;
			sourceTree = "<group>";
		};
		9B6C2737200D2EAC00308F99 /* KisanHubAssignmentTests */ = {
			isa = PBXGroup;
			children = (
				9B6C2738200D2EAC00308F99 /* KisanHubAssignmentTests.swift */,
				9B6C274C200D4E3200308F99 /* UK.txt */,
				9B6C273A200D2EAC00308F99 /* Info.plist */,
			);
			path = KisanHubAssignmentTests;
			sourceTree = "<group>";
		};
		9B6C2743200D2EFF00308F99 /* View */ = {
			isa = PBXGroup;
			children = (
			);
			path = View;
			sourceTree = "<group>";
		};
		9B6C2744200D2EFF00308F99 /* Model */ = {
			isa = PBXGroup;
			children = (
				9B6C2748200D2F5900308F99 /* WeatherRecord.swift */,
				9B6C274A200D2F7200308F99 /* WaetherDataManager.swift */,
			);
			path = Model;
			sourceTree = "<group>";
		};
		9B6C2745200D2EFF00308F99 /* Controller */ = {
			isa = PBXGroup;
			children = (
				9B6C2746200D2F1F00308F99 /* MainTableViewController.swift */,
			);
			path = Controller;
			sourceTree = "<group>";
		};
/* End PBXGroup section */

/* Begin PBXNativeTarget section */
		9B6C271F200D2EAC00308F99 /* KisanHubAssignment */ = {
			isa = PBXNativeTarget;
			buildConfigurationList = 9B6C273D200D2EAC00308F99 /* Build configuration list for PBXNativeTarget "KisanHubAssignment" */;
			buildPhases = (
				9B6C271C200D2EAC00308F99 /* Sources */,
				9B6C271D200D2EAC00308F99 /* Frameworks */,
				9B6C271E200D2EAC00308F99 /* Resources */,
			);
			buildRules = (
			);
			dependencies = (
			);
			name = KisanHubAssignment;
			productName = KisanHubAssignment;
			productReference = 9B6C2720200D2EAC00308F99 /* KisanHubAssignment.app */;
			productType = "com.apple.product-type.application";
		};
		9B6C2733200D2EAC00308F99 /* KisanHubAssignmentTests */ = {
			isa = PBXNativeTarget;
			buildConfigurationList = 9B6C2740200D2EAC00308F99 /* Build configuration list for PBXNativeTarget "KisanHubAssignmentTests" */;
			buildPhases = (
				9B6C2730200D2EAC00308F99 /* Sources */,
				9B6C2731200D2EAC00308F99 /* Frameworks */,
				9B6C2732200D2EAC00308F99 /* Resources */,
			);
			buildRules = (
			);
			dependencies = (
				9B6C2736200D2EAC00308F99 /* PBXTargetDependency */,
			);
			name = KisanHubAssignmentTests;
			productName = KisanHubAssignmentTests;
			productReference = 9B6C2734200D2EAC00308F99 /* KisanHubAssignmentTests.xctest */;
			productType = "com.apple.product-type.bundle.unit-test";
		};
/* End PBXNativeTarget section */

/* Begin PBXProject section */
		9B6C2718200D2EAC00308F99 /* Project object */ = {
			isa = PBXProject;
			attributes = {
				LastSwiftUpdateCheck = 0920;
				LastUpgradeCheck = 0920;
				ORGANIZATIONNAME = "Pran Kishore";
				TargetAttributes = {
					9B6C271F200D2EAC00308F99 = {
						CreatedOnToolsVersion = 9.2;
						ProvisioningStyle = Manual;
					};
					9B6C2733200D2EAC00308F99 = {
						CreatedOnToolsVersion = 9.2;
						ProvisioningStyle = Automatic;
						TestTargetID = 9B6C271F200D2EAC00308F99;
					};
				};
			};
			buildConfigurationList = 9B6C271B200D2EAC00308F99 /* Build configuration list for PBXProject "KisanHubAssignment" */;
			compatibilityVersion = "Xcode 8.0";
			developmentRegion = en;
			hasScannedForEncodings = 0;
			knownRegions = (
				en,
				Base,
			);
			mainGroup = 9B6C2717200D2EAC00308F99;
			productRefGroup = 9B6C2721200D2EAC00308F99 /* Products */;
			projectDirPath = "";
			projectRoot = "";
			targets = (
				9B6C271F200D2EAC00308F99 /* KisanHubAssignment */,
				9B6C2733200D2EAC00308F99 /* KisanHubAssignmentTests */,
			);
		};
/* End PBXProject section */

/* Begin PBXResourcesBuildPhase section */
		9B6C271E200D2EAC00308F99 /* Resources */ = {
			isa = PBXResourcesBuildPhase;
			buildActionMask = 2147483647;
			files = (
				9B6C274F200D4F6000308F99 /* UK.txt in Resources */,
				9B6C272E200D2EAC00308F99 /* LaunchScreen.storyboard in Resources */,
				9B6C272B200D2EAC00308F99 /* Assets.xcassets in Resources */,
				9B6C2729200D2EAC00308F99 /* Main.storyboard in Resources */,
			);
			runOnlyForDeploymentPostprocessing = 0;
		};
		9B6C2732200D2EAC00308F99 /* Resources */ = {
			isa = PBXResourcesBuildPhase;
			buildActionMask = 2147483647;
			files = (
			);
			runOnlyForDeploymentPostprocessing = 0;
		};
/* End PBXResourcesBuildPhase section */

/* Begin PBXSourcesBuildPhase section */
		9B6C271C200D2EAC00308F99 /* Sources */ = {
			isa = PBXSourcesBuildPhase;
			buildActionMask = 2147483647;
			files = (
				9B6C274B200D2F7200308F99 /* WaetherDataManager.swift in Sources */,
				9B6C2747200D2F1F00308F99 /* MainTableViewController.swift in Sources */,
				9B6C2749200D2F5900308F99 /* WeatherRecord.swift in Sources */,
				9B6C2724200D2EAC00308F99 /* AppDelegate.swift in Sources */,
			);
			runOnlyForDeploymentPostprocessing = 0;
		};
		9B6C2730200D2EAC00308F99 /* Sources */ = {
			isa = PBXSourcesBuildPhase;
			buildActionMask = 2147483647;
			files = (
				9B6C2739200D2EAC00308F99 /* KisanHubAssignmentTests.swift in Sources */,
			);
			runOnlyForDeploymentPostprocessing = 0;
		};
/* End PBXSourcesBuildPhase section */

/* Begin PBXTargetDependency section */
		9B6C2736200D2EAC00308F99 /* PBXTargetDependency */ = {
			isa = PBXTargetDependency;
			target = 9B6C271F200D2EAC00308F99 /* KisanHubAssignment */;
			targetProxy = 9B6C2735200D2EAC00308F99 /* PBXContainerItemProxy */;
		};
/* End PBXTargetDependency section */

/* Begin PBXVariantGroup section */
		9B6C2727200D2EAC00308F99 /* Main.storyboard */ = {
			isa = PBXVariantGroup;
			children = (
				9B6C2728200D2EAC00308F99 /* Base */,
			);
			name = Main.storyboard;
			sourceTree = "<group>";
		};
		9B6C272C200D2EAC00308F99 /* LaunchScreen.storyboard */ = {
			isa = PBXVariantGroup;
			children = (
				9B6C272D200D2EAC00308F99 /* Base */,
			);
			name = LaunchScreen.storyboard;
			sourceTree = "<group>";
		};
/* End PBXVariantGroup section */

/* Begin XCBuildConfiguration section */
		9B6C273B200D2EAC00308F99 /* Debug */ = {
			isa = XCBuildConfiguration;
			buildSettings = {
				ALWAYS_SEARCH_USER_PATHS = NO;
				CLANG_ANALYZER_NONNULL = YES;
				CLANG_ANALYZER_NUMBER_OBJECT_CONVERSION = YES_AGGRESSIVE;
				CLANG_CXX_LANGUAGE_STANDARD = "gnu++14";
				CLANG_CXX_LIBRARY = "libc++";
				CLANG_ENABLE_MODULES = YES;
				CLANG_ENABLE_OBJC_ARC = YES;
				CLANG_WARN_BLOCK_CAPTURE_AUTORELEASING = YES;
				CLANG_WARN_BOOL_CONVERSION = YES;
				CLANG_WARN_COMMA = YES;
				CLANG_WARN_CONSTANT_CONVERSION = YES;
				CLANG_WARN_DIRECT_OBJC_ISA_USAGE = YES_ERROR;
				CLANG_WARN_DOCUMENTATION_COMMENTS = YES;
				CLANG_WARN_EMPTY_BODY = YES;
				CLANG_WARN_ENUM_CONVERSION = YES;
				CLANG_WARN_INFINITE_RECURSION = YES;
				CLANG_WARN_INT_CONVERSION = YES;
				CLANG_WARN_NON_LITERAL_NULL_CONVERSION = YES;
				CLANG_WARN_OBJC_LITERAL_CONVERSION = YES;
				CLANG_WARN_OBJC_ROOT_CLASS = YES_ERROR;
				CLANG_WARN_RANGE_LOOP_ANALYSIS = YES;
				CLANG_WARN_STRICT_PROTOTYPES = YES;
				CLANG_WARN_SUSPICIOUS_MOVE = YES;
				CLANG_WARN_UNGUARDED_AVAILABILITY = YES_AGGRESSIVE;
				CLANG_WARN_UNREACHABLE_CODE = YES;
				CLANG_WARN__DUPLICATE_METHOD_MATCH = YES;
				CODE_SIGN_IDENTITY = "iPhone Developer";
				COPY_PHASE_STRIP = NO;
				DEBUG_INFORMATION_FORMAT = dwarf;
				ENABLE_STRICT_OBJC_MSGSEND = YES;
				ENABLE_TESTABILITY = YES;
				GCC_C_LANGUAGE_STANDARD = gnu11;
				GCC_DYNAMIC_NO_PIC = NO;
				GCC_NO_COMMON_BLOCKS = YES;
				GCC_OPTIMIZATION_LEVEL = 0;
				GCC_PREPROCESSOR_DEFINITIONS = (
					"DEBUG=1",
					"$(inherited)",
				);
				GCC_WARN_64_TO_32_BIT_CONVERSION = YES;
				GCC_WARN_ABOUT_RETURN_TYPE = YES_ERROR;
				GCC_WARN_UNDECLARED_SELECTOR = YES;
				GCC_WARN_UNINITIALIZED_AUTOS = YES_AGGRESSIVE;
				GCC_WARN_UNUSED_FUNCTION = YES;
				GCC_WARN_UNUSED_VARIABLE = YES;
				IPHONEOS_DEPLOYMENT_TARGET = 11.2;
				MTL_ENABLE_DEBUG_INFO = YES;
				ONLY_ACTIVE_ARCH = YES;
				SDKROOT = iphoneos;
				SWIFT_ACTIVE_COMPILATION_CONDITIONS = DEBUG;
				SWIFT_OPTIMIZATION_LEVEL = "-Onone";
			};
			name = Debug;
		};
		9B6C273C200D2EAC00308F99 /* Release */ = {
			isa = XCBuildConfiguration;
			buildSettings = {
				ALWAYS_SEARCH_USER_PATHS = NO;
				CLANG_ANALYZER_NONNULL = YES;
				CLANG_ANALYZER_NUMBER_OBJECT_CONVERSION = YES_AGGRESSIVE;
				CLANG_CXX_LANGUAGE_STANDARD = "gnu++14";
				CLANG_CXX_LIBRARY = "libc++";
				CLANG_ENABLE_MODULES = YES;
				CLANG_ENABLE_OBJC_ARC = YES;
				CLANG_WARN_BLOCK_CAPTURE_AUTORELEASING = YES;
				CLANG_WARN_BOOL_CONVERSION = YES;
				CLANG_WARN_COMMA = YES;
				CLANG_WARN_CONSTANT_CONVERSION = YES;
				CLANG_WARN_DIRECT_OBJC_ISA_USAGE = YES_ERROR;
				CLANG_WARN_DOCUMENTATION_COMMENTS = YES;
				CLANG_WARN_EMPTY_BODY = YES;
				CLANG_WARN_ENUM_CONVERSION = YES;
				CLANG_WARN_INFINITE_RECURSION = YES;
				CLANG_WARN_INT_CONVERSION = YES;
				CLANG_WARN_NON_LITERAL_NULL_CONVERSION = YES;
				CLANG_WARN_OBJC_LITERAL_CONVERSION = YES;
				CLANG_WARN_OBJC_ROOT_CLASS = YES_ERROR;
				CLANG_WARN_RANGE_LOOP_ANALYSIS = YES;
				CLANG_WARN_STRICT_PROTOTYPES = YES;
				CLANG_WARN_SUSPICIOUS_MOVE = YES;
				CLANG_WARN_UNGUARDED_AVAILABILITY = YES_AGGRESSIVE;
				CLANG_WARN_UNREACHABLE_CODE = YES;
				CLANG_WARN__DUPLICATE_METHOD_MATCH = YES;
				CODE_SIGN_IDENTITY = "iPhone Developer";
				COPY_PHASE_STRIP = NO;
				DEBUG_INFORMATION_FORMAT = "dwarf-with-dsym";
				ENABLE_NS_ASSERTIONS = NO;
				ENABLE_STRICT_OBJC_MSGSEND = YES;
				GCC_C_LANGUAGE_STANDARD = gnu11;
				GCC_NO_COMMON_BLOCKS = YES;
				GCC_WARN_64_TO_32_BIT_CONVERSION = YES;
				GCC_WARN_ABOUT_RETURN_TYPE = YES_ERROR;
				GCC_WARN_UNDECLARED_SELECTOR = YES;
				GCC_WARN_UNINITIALIZED_AUTOS = YES_AGGRESSIVE;
				GCC_WARN_UNUSED_FUNCTION = YES;
				GCC_WARN_UNUSED_VARIABLE = YES;
				IPHONEOS_DEPLOYMENT_TARGET = 11.2;
				MTL_ENABLE_DEBUG_INFO = NO;
				SDKROOT = iphoneos;
				SWIFT_OPTIMIZATION_LEVEL = "-Owholemodule";
				VALIDATE_PRODUCT = YES;
			};
			name = Release;
		};
		9B6C273E200D2EAC00308F99 /* Debug */ = {
			isa = XCBuildConfiguration;
			buildSettings = {
				ASSETCATALOG_COMPILER_APPICON_NAME = AppIcon;
				CODE_SIGN_STYLE = Manual;
				DEVELOPMENT_TEAM = "";
				INFOPLIST_FILE = KisanHubAssignment/Info.plist;
				LD_RUNPATH_SEARCH_PATHS = "$(inherited) @executable_path/Frameworks";
				PRODUCT_BUNDLE_IDENTIFIER = com.general.development.KisanHubAssignment;
				PRODUCT_NAME = "$(TARGET_NAME)";
				PROVISIONING_PROFILE_SPECIFIER = "";
				SWIFT_VERSION = 4.0;
				TARGETED_DEVICE_FAMILY = "1,2";
			};
			name = Debug;
		};
		9B6C273F200D2EAC00308F99 /* Release */ = {
			isa = XCBuildConfiguration;
			buildSettings = {
				ASSETCATALOG_COMPILER_APPICON_NAME = AppIcon;
				CODE_SIGN_STYLE = Manual;
				DEVELOPMENT_TEAM = "";
				INFOPLIST_FILE = KisanHubAssignment/Info.plist;
				LD_RUNPATH_SEARCH_PATHS = "$(inherited) @executable_path/Frameworks";
				PRODUCT_BUNDLE_IDENTIFIER = com.general.development.KisanHubAssignment;
				PRODUCT_NAME = "$(TARGET_NAME)";
				PROVISIONING_PROFILE_SPECIFIER = "";
				SWIFT_VERSION = 4.0;
				TARGETED_DEVICE_FAMILY = "1,2";
			};
			name = Release;
		};
		9B6C2741200D2EAC00308F99 /* Debug */ = {
			isa = XCBuildConfiguration;
			buildSettings = {
				ALWAYS_EMBED_SWIFT_STANDARD_LIBRARIES = YES;
				BUNDLE_LOADER = "$(TEST_HOST)";
				CODE_SIGN_STYLE = Automatic;
				INFOPLIST_FILE = KisanHubAssignmentTests/Info.plist;
				LD_RUNPATH_SEARCH_PATHS = "$(inherited) @executable_path/Frameworks @loader_path/Frameworks";
				PRODUCT_BUNDLE_IDENTIFIER = com.general.development.KisanHubAssignmentTests;
				PRODUCT_NAME = "$(TARGET_NAME)";
				SWIFT_VERSION = 4.0;
				TARGETED_DEVICE_FAMILY = "1,2";
				TEST_HOST = "$(BUILT_PRODUCTS_DIR)/KisanHubAssignment.app/KisanHubAssignment";
			};
			name = Debug;
		};
		9B6C2742200D2EAC00308F99 /* Release */ = {
			isa = XCBuildConfiguration;
			buildSettings = {
				ALWAYS_EMBED_SWIFT_STANDARD_LIBRARIES = YES;
				BUNDLE_LOADER = "$(TEST_HOST)";
				CODE_SIGN_STYLE = Automatic;
				INFOPLIST_FILE = KisanHubAssignmentTests/Info.plist;
				LD_RUNPATH_SEARCH_PATHS = "$(inherited) @executable_path/Frameworks @loader_path/Frameworks";
				PRODUCT_BUNDLE_IDENTIFIER = com.general.development.KisanHubAssignmentTests;
				PRODUCT_NAME = "$(TARGET_NAME)";
				SWIFT_VERSION = 4.0;
				TARGETED_DEVICE_FAMILY = "1,2";
				TEST_HOST = "$(BUILT_PRODUCTS_DIR)/KisanHubAssignment.app/KisanHubAssignment";
			};
			name = Release;
		};
/* End XCBuildConfiguration section */

/* Begin XCConfigurationList section */
		9B6C271B200D2EAC00308F99 /* Build configuration list for PBXProject "KisanHubAssignment" */ = {
			isa = XCConfigurationList;
			buildConfigurations = (
				9B6C273B200D2EAC00308F99 /* Debug */,
				9B6C273C200D2EAC00308F99 /* Release */,
			);
			defaultConfigurationIsVisible = 0;
			defaultConfigurationName = Release;
		};
		9B6C273D200D2EAC00308F99 /* Build configuration list for PBXNativeTarget "KisanHubAssignment" */ = {
			isa = XCConfigurationList;
			buildConfigurations = (
				9B6C273E200D2EAC00308F99 /* Debug */,
				9B6C273F200D2EAC00308F99 /* Release */,
			);
			defaultConfigurationIsVisible = 0;
			defaultConfigurationName = Release;
		};
		9B6C2740200D2EAC00308F99 /* Build configuration list for PBXNativeTarget "KisanHubAssignmentTests" */ = {
			isa = XCConfigurationList;
			buildConfigurations = (
				9B6C2741200D2EAC00308F99 /* Debug */,
				9B6C2742200D2EAC00308F99 /* Release */,
			);
			defaultConfigurationIsVisible = 0;
			defaultConfigurationName = Release;
		};
/* End XCConfigurationList section */
	};
	rootObject = 9B6C2718200D2EAC00308F99 /* Project object */;
}
